Microsoft Visual Studio Solution File, Format Version 11.00
# Visual Studio 2019

Project("{8BC9CEB8-8B4A-11D0-8D11-00A0C91BC942}") = "sdEQ - Standalone Plugin", "sdEQ_StandalonePlugin.vcxproj", "{397AD2ED-AFB0-352C-F752-CF0C31A1CC46}"
	ProjectSection(ProjectDependencies) = postProject
		{41E22332-CBC0-0434-220A-13943E1CA159} = {41E22332-CBC0-0434-220A-13943E1CA159}
	EndProjectSection
EndProject
Project("{8BC9CEB8-8B4A-11D0-8D11-00A0C91BC942}") = "sdEQ - VST3", "sdEQ_VST3.vcxproj", "{528B837D-00F6-2023-FD47-0DB8EC95B9AF}"
	ProjectSection(ProjectDependencies) = postProject
		{41E22332-CBC0-0434-220A-13943E1CA159} = {41E22332-CBC0-0434-220A-13943E1CA159}
	EndProjectSection
EndProject
Project("{8BC9CEB8-8B4A-11D0-8D11-00A0C91BC942}") = "sdEQ - Shared Code", "sdEQ_SharedCode.vcxproj", "{41E22332-CBC0-0434-220A-13943E1CA159}"
EndProject
Global
	GlobalSection(SolutionConfigurationPlatforms) = preSolution
		Debug|x64 = Debug|x64
		Release|x64 = Release|x64
	EndGlobalSection
	GlobalSection(ProjectConfigurationPlatforms) = postSolution
		{528B837D-00F6-2023-FD47-0DB8EC95B9AF}.Debug|x64.ActiveCfg = Debug|x64
		{528B837D-00F6-2023-FD47-0DB8EC95B9AF}.Debug|x64.Build.0 = Debug|x64
		{528B837D-00F6-2023-FD47-0DB8EC95B9AF}.Release|x64.ActiveCfg = Release|x64
		{528B837D-00F6-2023-FD47-0DB8EC95B9AF}.Release|x64.Build.0 = Release|x64
		{397AD2ED-AFB0-352C-F752-CF0C31A1CC46}.Debug|x64.ActiveCfg = Debug|x64
		{397AD2ED-AFB0-352C-F752-CF0C31A1CC46}.Debug|x64.Build.0 = Debug|x64
		{397AD2ED-AFB0-352C-F752-CF0C31A1CC46}.Release|x64.ActiveCfg = Release|x64
		{397AD2ED-AFB0-352C-F752-CF0C31A1CC46}.Release|x64.Build.0 = Release|x64
		{41E22332-CBC0-0434-220A-13943E1CA159}.Debug|x64.ActiveCfg = Debug|x64
		{41E22332-CBC0-0434-220A-13943E1CA159}.Debug|x64.Build.0 = Debug|x64
		{41E22332-CBC0-0434-220A-13943E1CA159}.Release|x64.ActiveCfg = Release|x64
		{41E22332-CBC0-0434-220A-13943E1CA159}.Release|x64.Build.0 = Release|x64
	EndGlobalSection
	GlobalSection(SolutionProperties) = preSolution
		HideSolutionNode = FALSE
	EndGlobalSection
EndGlobal
